
Microsoft Visual Studio Solution File, Format Version 12.00
# Visual Studio 15
VisualStudioVersion = 15.0.26124.0
MinimumVisualStudioVersion = 15.0.26124.0
Project("{FAE04EC0-301F-11D3-BF4B-00C04F79EFBC}") = "Penguin.WinForms.Local", "Penguin.WinForms.Local.csproj", "{3856377C-8B38-46BA-8CB8-1363857A9B75}"
EndProject
Project("{FAE04EC0-301F-11D3-BF4B-00C04F79EFBC}") = "Penguin.Reflection.Local", "..\Penguin.Reflection\Penguin.Reflection.Local.csproj", "{0726EF2F-248E-4991-85F8-B5AFB19D3156}"
EndProject
Project("{FAE04EC0-301F-11D3-BF4B-00C04F79EFBC}") = "Penguin.Debugging.Local", "..\Penguin.Debugging\Penguin.Debugging.Local.csproj", "{966340D8-6470-4247-A07B-66BBF08A0530}"
EndProject
Project("{FAE04EC0-301F-11D3-BF4B-00C04F79EFBC}") = "Penguin.Extensions.Exceptions.Local", "..\Penguin.Extensions.Exceptions\Penguin.Extensions.Exceptions.Local.csproj", "{F31F4F1F-0A86-4342-A0CF-B6D114883366}"
EndProject
Project("{FAE04EC0-301F-11D3-BF4B-00C04F79EFBC}") = "Penguin.Reflection.Abstractions.Local", "..\Penguin.Reflection.Abstractions\Penguin.Reflection.Abstractions.Local.csproj", "{43D42A0E-0576-4F4E-B289-B450368ACADF}"
EndProject
Project("{FAE04EC0-301F-11D3-BF4B-00C04F79EFBC}") = "Penguin.Json.Local", "..\Penguin.Json\Penguin.Json.Local.csproj", "{C7BB7E45-EFBF-4610-A891-37897F7F07E9}"
EndProject
Project("{FAE04EC0-301F-11D3-BF4B-00C04F79EFBC}") = "Penguin.Json.Abstractions.Local", "..\Penguin.Json.Abstractions\Penguin.Json.Abstractions.Local.csproj", "{E2F086BF-856F-4AA6-87DF-3DB13614370F}"
EndProject
Project("{FAE04EC0-301F-11D3-BF4B-00C04F79EFBC}") = "Penguin.Reflection.Extensions.Local", "..\Penguin.Reflection.Extensions\Penguin.Reflection.Extensions.Local.csproj", "{078C840A-AFF9-4983-BDF3-0F206E723349}"
EndProject
Project("{FAE04EC0-301F-11D3-BF4B-00C04F79EFBC}") = "Penguin.Extensions.String.Local", "..\Penguin.Extensions.String\Penguin.Extensions.String.Local.csproj", "{E6CA4807-D695-4E3C-85CF-E708442526E0}"
EndProject
Project("{FAE04EC0-301F-11D3-BF4B-00C04F79EFBC}") = "Penguin.SystemExtensions.Abstractions.Local", "..\Penguin.SystemExtensions.Abstractions\Penguin.SystemExtensions.Abstractions.Local.csproj", "{9BF53A8C-38B8-4C6E-8383-6B43F9C1BC13}"
EndProject
Global
	GlobalSection(SolutionConfigurationPlatforms) = preSolution
		Debug|Any CPU = Debug|Any CPU
		Debug|x64 = Debug|x64
		Debug|x86 = Debug|x86
		Release|Any CPU = Release|Any CPU
		Release|x64 = Release|x64
		Release|x86 = Release|x86
	EndGlobalSection
	GlobalSection(SolutionProperties) = preSolution
		HideSolutionNode = FALSE
	EndGlobalSection
	GlobalSection(ProjectConfigurationPlatforms) = postSolution
		{3856377C-8B38-46BA-8CB8-1363857A9B75}.Debug|Any CPU.ActiveCfg = Debug|Any CPU
		{3856377C-8B38-46BA-8CB8-1363857A9B75}.Debug|Any CPU.Build.0 = Debug|Any CPU
		{3856377C-8B38-46BA-8CB8-1363857A9B75}.Debug|x64.ActiveCfg = Debug|Any CPU
		{3856377C-8B38-46BA-8CB8-1363857A9B75}.Debug|x64.Build.0 = Debug|Any CPU
		{3856377C-8B38-46BA-8CB8-1363857A9B75}.Debug|x86.ActiveCfg = Debug|Any CPU
		{3856377C-8B38-46BA-8CB8-1363857A9B75}.Debug|x86.Build.0 = Debug|Any CPU
		{3856377C-8B38-46BA-8CB8-1363857A9B75}.Release|Any CPU.ActiveCfg = Release|Any CPU
		{3856377C-8B38-46BA-8CB8-1363857A9B75}.Release|Any CPU.Build.0 = Release|Any CPU
		{3856377C-8B38-46BA-8CB8-1363857A9B75}.Release|x64.ActiveCfg = Release|Any CPU
		{3856377C-8B38-46BA-8CB8-1363857A9B75}.Release|x64.Build.0 = Release|Any CPU
		{3856377C-8B38-46BA-8CB8-1363857A9B75}.Release|x86.ActiveCfg = Release|Any CPU
		{3856377C-8B38-46BA-8CB8-1363857A9B75}.Release|x86.Build.0 = Release|Any CPU
		{0726EF2F-248E-4991-85F8-B5AFB19D3156}.Debug|Any CPU.ActiveCfg = Debug|Any CPU
		{0726EF2F-248E-4991-85F8-B5AFB19D3156}.Debug|Any CPU.Build.0 = Debug|Any CPU
		{0726EF2F-248E-4991-85F8-B5AFB19D3156}.Debug|x64.ActiveCfg = Debug|Any CPU
		{0726EF2F-248E-4991-85F8-B5AFB19D3156}.Debug|x64.Build.0 = Debug|Any CPU
		{0726EF2F-248E-4991-85F8-B5AFB19D3156}.Debug|x86.ActiveCfg = Debug|Any CPU
		{0726EF2F-248E-4991-85F8-B5AFB19D3156}.Debug|x86.Build.0 = Debug|Any CPU
		{0726EF2F-248E-4991-85F8-B5AFB19D3156}.Release|Any CPU.ActiveCfg = Release|Any CPU
		{0726EF2F-248E-4991-85F8-B5AFB19D3156}.Release|Any CPU.Build.0 = Release|Any CPU
		{0726EF2F-248E-4991-85F8-B5AFB19D3156}.Release|x64.ActiveCfg = Release|Any CPU
		{0726EF2F-248E-4991-85F8-B5AFB19D3156}.Release|x64.Build.0 = Release|Any CPU
		{0726EF2F-248E-4991-85F8-B5AFB19D3156}.Release|x86.ActiveCfg = Release|Any CPU
		{0726EF2F-248E-4991-85F8-B5AFB19D3156}.Release|x86.Build.0 = Release|Any CPU
		{966340D8-6470-4247-A07B-66BBF08A0530}.Debug|Any CPU.ActiveCfg = Debug|Any CPU
		{966340D8-6470-4247-A07B-66BBF08A0530}.Debug|Any CPU.Build.0 = Debug|Any CPU
		{966340D8-6470-4247-A07B-66BBF08A0530}.Debug|x64.ActiveCfg = Debug|Any CPU
		{966340D8-6470-4247-A07B-66BBF08A0530}.Debug|x64.Build.0 = Debug|Any CPU
		{966340D8-6470-4247-A07B-66BBF08A0530}.Debug|x86.ActiveCfg = Debug|Any CPU
		{966340D8-6470-4247-A07B-66BBF08A0530}.Debug|x86.Build.0 = Debug|Any CPU
		{966340D8-6470-4247-A07B-66BBF08A0530}.Release|Any CPU.ActiveCfg = Release|Any CPU
		{966340D8-6470-4247-A07B-66BBF08A0530}.Release|Any CPU.Build.0 = Release|Any CPU
		{966340D8-6470-4247-A07B-66BBF08A0530}.Release|x64.ActiveCfg = Release|Any CPU
		{966340D8-6470-4247-A07B-66BBF08A0530}.Release|x64.Build.0 = Release|Any CPU
		{966340D8-6470-4247-A07B-66BBF08A0530}.Release|x86.ActiveCfg = Release|Any CPU
		{966340D8-6470-4247-A07B-66BBF08A0530}.Release|x86.Build.0 = Release|Any CPU
		{F31F4F1F-0A86-4342-A0CF-B6D114883366}.Debug|Any CPU.ActiveCfg = Debug|Any CPU
		{F31F4F1F-0A86-4342-A0CF-B6D114883366}.Debug|Any CPU.Build.0 = Debug|Any CPU
		{F31F4F1F-0A86-4342-A0CF-B6D114883366}.Debug|x64.ActiveCfg = Debug|Any CPU
		{F31F4F1F-0A86-4342-A0CF-B6D114883366}.Debug|x64.Build.0 = Debug|Any CPU
		{F31F4F1F-0A86-4342-A0CF-B6D114883366}.Debug|x86.ActiveCfg = Debug|Any CPU
		{F31F4F1F-0A86-4342-A0CF-B6D114883366}.Debug|x86.Build.0 = Debug|Any CPU
		{F31F4F1F-0A86-4342-A0CF-B6D114883366}.Release|Any CPU.ActiveCfg = Release|Any CPU
		{F31F4F1F-0A86-4342-A0CF-B6D114883366}.Release|Any CPU.Build.0 = Release|Any CPU
		{F31F4F1F-0A86-4342-A0CF-B6D114883366}.Release|x64.ActiveCfg = Release|Any CPU
		{F31F4F1F-0A86-4342-A0CF-B6D114883366}.Release|x64.Build.0 = Release|Any CPU
		{F31F4F1F-0A86-4342-A0CF-B6D114883366}.Release|x86.ActiveCfg = Release|Any CPU
		{F31F4F1F-0A86-4342-A0CF-B6D114883366}.Release|x86.Build.0 = Release|Any CPU
		{43D42A0E-0576-4F4E-B289-B450368ACADF}.Debug|Any CPU.ActiveCfg = Debug|Any CPU
		{43D42A0E-0576-4F4E-B289-B450368ACADF}.Debug|Any CPU.Build.0 = Debug|Any CPU
		{43D42A0E-0576-4F4E-B289-B450368ACADF}.Debug|x64.ActiveCfg = Debug|Any CPU
		{43D42A0E-0576-4F4E-B289-B450368ACADF}.Debug|x64.Build.0 = Debug|Any CPU
		{43D42A0E-0576-4F4E-B289-B450368ACADF}.Debug|x86.ActiveCfg = Debug|Any CPU
		{43D42A0E-0576-4F4E-B289-B450368ACADF}.Debug|x86.Build.0 = Debug|Any CPU
		{43D42A0E-0576-4F4E-B289-B450368ACADF}.Release|Any CPU.ActiveCfg = Release|Any CPU
		{43D42A0E-0576-4F4E-B289-B450368ACADF}.Release|Any CPU.Build.0 = Release|Any CPU
		{43D42A0E-0576-4F4E-B289-B450368ACADF}.Release|x64.ActiveCfg = Release|Any CPU
		{43D42A0E-0576-4F4E-B289-B450368ACADF}.Release|x64.Build.0 = Release|Any CPU
		{43D42A0E-0576-4F4E-B289-B450368ACADF}.Release|x86.ActiveCfg = Release|Any CPU
		{43D42A0E-0576-4F4E-B289-B450368ACADF}.Release|x86.Build.0 = Release|Any CPU
		{C7BB7E45-EFBF-4610-A891-37897F7F07E9}.Debug|Any CPU.ActiveCfg = Debug|Any CPU
		{C7BB7E45-EFBF-4610-A891-37897F7F07E9}.Debug|Any CPU.Build.0 = Debug|Any CPU
		{C7BB7E45-EFBF-4610-A891-37897F7F07E9}.Debug|x64.ActiveCfg = Debug|Any CPU
		{C7BB7E45-EFBF-4610-A891-37897F7F07E9}.Debug|x64.Build.0 = Debug|Any CPU
		{C7BB7E45-EFBF-4610-A891-37897F7F07E9}.Debug|x86.ActiveCfg = Debug|Any CPU
		{C7BB7E45-EFBF-4610-A891-37897F7F07E9}.Debug|x86.Build.0 = Debug|Any CPU
		{C7BB7E45-EFBF-4610-A891-37897F7F07E9}.Release|Any CPU.ActiveCfg = Release|Any CPU
		{C7BB7E45-EFBF-4610-A891-37897F7F07E9}.Release|Any CPU.Build.0 = Release|Any CPU
		{C7BB7E45-EFBF-4610-A891-37897F7F07E9}.Release|x64.ActiveCfg = Release|Any CPU
		{C7BB7E45-EFBF-4610-A891-37897F7F07E9}.Release|x64.Build.0 = Release|Any CPU
		{C7BB7E45-EFBF-4610-A891-37897F7F07E9}.Release|x86.ActiveCfg = Release|Any CPU
		{C7BB7E45-EFBF-4610-A891-37897F7F07E9}.Release|x86.Build.0 = Release|Any CPU
		{E2F086BF-856F-4AA6-87DF-3DB13614370F}.Debug|Any CPU.ActiveCfg = Debug|Any CPU
		{E2F086BF-856F-4AA6-87DF-3DB13614370F}.Debug|Any CPU.Build.0 = Debug|Any CPU
		{E2F086BF-856F-4AA6-87DF-3DB13614370F}.Debug|x64.ActiveCfg = Debug|Any CPU
		{E2F086BF-856F-4AA6-87DF-3DB13614370F}.Debug|x64.Build.0 = Debug|Any CPU
		{E2F086BF-856F-4AA6-87DF-3DB13614370F}.Debug|x86.ActiveCfg = Debug|Any CPU
		{E2F086BF-856F-4AA6-87DF-3DB13614370F}.Debug|x86.Build.0 = Debug|Any CPU
		{E2F086BF-856F-4AA6-87DF-3DB13614370F}.Release|Any CPU.ActiveCfg = Release|Any CPU
		{E2F086BF-856F-4AA6-87DF-3DB13614370F}.Release|Any CPU.Build.0 = Release|Any CPU
		{E2F086BF-856F-4AA6-87DF-3DB13614370F}.Release|x64.ActiveCfg = Release|Any CPU
		{E2F086BF-856F-4AA6-87DF-3DB13614370F}.Release|x64.Build.0 = Release|Any CPU
		{E2F086BF-856F-4AA6-87DF-3DB13614370F}.Release|x86.ActiveCfg = Release|Any CPU
		{E2F086BF-856F-4AA6-87DF-3DB13614370F}.Release|x86.Build.0 = Release|Any CPU
		{078C840A-AFF9-4983-BDF3-0F206E723349}.Debug|Any CPU.ActiveCfg = Debug|Any CPU
		{078C840A-AFF9-4983-BDF3-0F206E723349}.Debug|Any CPU.Build.0 = Debug|Any CPU
		{078C840A-AFF9-4983-BDF3-0F206E723349}.Debug|x64.ActiveCfg = Debug|Any CPU
		{078C840A-AFF9-4983-BDF3-0F206E723349}.Debug|x64.Build.0 = Debug|Any CPU
		{078C840A-AFF9-4983-BDF3-0F206E723349}.Debug|x86.ActiveCfg = Debug|Any CPU
		{078C840A-AFF9-4983-BDF3-0F206E723349}.Debug|x86.Build.0 = Debug|Any CPU
		{078C840A-AFF9-4983-BDF3-0F206E723349}.Release|Any CPU.ActiveCfg = Release|Any CPU
		{078C840A-AFF9-4983-BDF3-0F206E723349}.Release|Any CPU.Build.0 = Release|Any CPU
		{078C840A-AFF9-4983-BDF3-0F206E723349}.Release|x64.ActiveCfg = Release|Any CPU
		{078C840A-AFF9-4983-BDF3-0F206E723349}.Release|x64.Build.0 = Release|Any CPU
		{078C840A-AFF9-4983-BDF3-0F206E723349}.Release|x86.ActiveCfg = Release|Any CPU
		{078C840A-AFF9-4983-BDF3-0F206E723349}.Release|x86.Build.0 = Release|Any CPU
		{E6CA4807-D695-4E3C-85CF-E708442526E0}.Debug|Any CPU.ActiveCfg = Debug|Any CPU
		{E6CA4807-D695-4E3C-85CF-E708442526E0}.Debug|Any CPU.Build.0 = Debug|Any CPU
		{E6CA4807-D695-4E3C-85CF-E708442526E0}.Debug|x64.ActiveCfg = Debug|Any CPU
		{E6CA4807-D695-4E3C-85CF-E708442526E0}.Debug|x64.Build.0 = Debug|Any CPU
		{E6CA4807-D695-4E3C-85CF-E708442526E0}.Debug|x86.ActiveCfg = Debug|Any CPU
		{E6CA4807-D695-4E3C-85CF-E708442526E0}.Debug|x86.Build.0 = Debug|Any CPU
		{E6CA4807-D695-4E3C-85CF-E708442526E0}.Release|Any CPU.ActiveCfg = Release|Any CPU
		{E6CA4807-D695-4E3C-85CF-E708442526E0}.Release|Any CPU.Build.0 = Release|Any CPU
		{E6CA4807-D695-4E3C-85CF-E708442526E0}.Release|x64.ActiveCfg = Release|Any CPU
		{E6CA4807-D695-4E3C-85CF-E708442526E0}.Release|x64.Build.0 = Release|Any CPU
		{E6CA4807-D695-4E3C-85CF-E708442526E0}.Release|x86.ActiveCfg = Release|Any CPU
		{E6CA4807-D695-4E3C-85CF-E708442526E0}.Release|x86.Build.0 = Release|Any CPU
		{9BF53A8C-38B8-4C6E-8383-6B43F9C1BC13}.Debug|Any CPU.ActiveCfg = Debug|Any CPU
		{9BF53A8C-38B8-4C6E-8383-6B43F9C1BC13}.Debug|Any CPU.Build.0 = Debug|Any CPU
		{9BF53A8C-38B8-4C6E-8383-6B43F9C1BC13}.Debug|x64.ActiveCfg = Debug|Any CPU
		{9BF53A8C-38B8-4C6E-8383-6B43F9C1BC13}.Debug|x64.Build.0 = Debug|Any CPU
		{9BF53A8C-38B8-4C6E-8383-6B43F9C1BC13}.Debug|x86.ActiveCfg = Debug|Any CPU
		{9BF53A8C-38B8-4C6E-8383-6B43F9C1BC13}.Debug|x86.Build.0 = Debug|Any CPU
		{9BF53A8C-38B8-4C6E-8383-6B43F9C1BC13}.Release|Any CPU.ActiveCfg = Release|Any CPU
		{9BF53A8C-38B8-4C6E-8383-6B43F9C1BC13}.Release|Any CPU.Build.0 = Release|Any CPU
		{9BF53A8C-38B8-4C6E-8383-6B43F9C1BC13}.Release|x64.ActiveCfg = Release|Any CPU
		{9BF53A8C-38B8-4C6E-8383-6B43F9C1BC13}.Release|x64.Build.0 = Release|Any CPU
		{9BF53A8C-38B8-4C6E-8383-6B43F9C1BC13}.Release|x86.ActiveCfg = Release|Any CPU
		{9BF53A8C-38B8-4C6E-8383-6B43F9C1BC13}.Release|x86.Build.0 = Release|Any CPU
	EndGlobalSection
EndGlobal
